
Microsoft Visual Studio Solution File, Format Version 12.00
# Visual Studio Version 17
VisualStudioVersion = 17.11.35303.130
MinimumVisualStudioVersion = 10.0.40219.1
Project("{FAE04EC0-301F-11D3-BF4B-00C04F79EFBC}") = "Runtime", "Runtime\Runtime.csproj", "{1586017E-DDB3-4F1A-9A16-E78D3A5C9463}"
EndProject
Project("{FAE04EC0-301F-11D3-BF4B-00C04F79EFBC}") = "Method Overloading", "Method Overloading\Method Overloading.csproj", "{525B828C-AFE6-4D52-8B1C-9FD04BBA3AB6}"
EndProject
Project("{FAE04EC0-301F-11D3-BF4B-00C04F79EFBC}") = "Operator Overloading", "Operator Overloading\Operator Overloading.csproj", "{83F0B382-9138-4C19-ACDF-25A96A43C880}"
EndProject
Global
	GlobalSection(SolutionConfigurationPlatforms) = preSolution
		Debug|Any CPU = Debug|Any CPU
		Release|Any CPU = Release|Any CPU
	EndGlobalSection
	GlobalSection(ProjectConfigurationPlatforms) = postSolution
		{1586017E-DDB3-4F1A-9A16-E78D3A5C9463}.Debug|Any CPU.ActiveCfg = Debug|Any CPU
		{1586017E-DDB3-4F1A-9A16-E78D3A5C9463}.Debug|Any CPU.Build.0 = Debug|Any CPU
		{1586017E-DDB3-4F1A-9A16-E78D3A5C9463}.Release|Any CPU.ActiveCfg = Release|Any CPU
		{1586017E-DDB3-4F1A-9A16-E78D3A5C9463}.Release|Any CPU.Build.0 = Release|Any CPU
		{525B828C-AFE6-4D52-8B1C-9FD04BBA3AB6}.Debug|Any CPU.ActiveCfg = Debug|Any CPU
		{525B828C-AFE6-4D52-8B1C-9FD04BBA3AB6}.Debug|Any CPU.Build.0 = Debug|Any CPU
		{525B828C-AFE6-4D52-8B1C-9FD04BBA3AB6}.Release|Any CPU.ActiveCfg = Release|Any CPU
		{525B828C-AFE6-4D52-8B1C-9FD04BBA3AB6}.Release|Any CPU.Build.0 = Release|Any CPU
		{83F0B382-9138-4C19-ACDF-25A96A43C880}.Debug|Any CPU.ActiveCfg = Debug|Any CPU
		{83F0B382-9138-4C19-ACDF-25A96A43C880}.Debug|Any CPU.Build.0 = Debug|Any CPU
		{83F0B382-9138-4C19-ACDF-25A96A43C880}.Release|Any CPU.ActiveCfg = Release|Any CPU
		{83F0B382-9138-4C19-ACDF-25A96A43C880}.Release|Any CPU.Build.0 = Release|Any CPU
	EndGlobalSection
	GlobalSection(SolutionProperties) = preSolution
		HideSolutionNode = FALSE
	EndGlobalSection
	GlobalSection(ExtensibilityGlobals) = postSolution
		SolutionGuid = {4F2E0348-1C70-4C9A-99FD-CAFE23036913}
	EndGlobalSection
EndGlobal
